#MicroXplorer Configuration settings - do not modify
COMP1.IPParameters=TriggerMode
COMP1.TriggerMode=COMP_TRIGGERMODE_IT_RISING_FALLING
FREERTOS.FootprintOK=true
FREERTOS.IPParameters=Tasks01,FootprintOK
FREERTOS.Tasks01=defaultTask,0,128,StartDefaultTask,Default,NULL
File.Version=6
KeepUserPlacement=false
Mcu.Family=STM32F0
Mcu.IP0=COMP1
Mcu.IP1=FREERTOS
Mcu.IP2=NVIC
Mcu.IP3=RCC
Mcu.IP4=SYS
Mcu.IP5=TIM1
Mcu.IPNb=6
Mcu.Name=STM32F051K8Tx
Mcu.Package=LQFP32
Mcu.Pin0=PA0
Mcu.Pin1=PA1
Mcu.Pin10=VP_SYS_VS_tim2
Mcu.Pin2=PA2
Mcu.Pin3=PA4
Mcu.Pin4=PA7
Mcu.Pin5=PA8
Mcu.Pin6=PA13
Mcu.Pin7=PA14
Mcu.Pin8=PA15
Mcu.Pin9=VP_FREERTOS_VS_ENABLE
Mcu.PinsNb=11
Mcu.ThirdPartyNb=0
Mcu.UserConstants=
Mcu.UserName=STM32F051K8Tx
MxCube.Version=4.25.0
MxDb.Version=DB.4.0.250
NVIC.ADC1_COMP_IRQn=true\:3\:0\:false\:false\:true\:true\:false
NVIC.EXTI4_15_IRQn=true\:3\:0\:false\:true\:true\:1\:true\:true
NVIC.HardFault_IRQn=true\:0\:0\:false\:false\:false\:false\:false
NVIC.NonMaskableInt_IRQn=true\:0\:0\:false\:false\:false\:false\:false
NVIC.PendSV_IRQn=true\:3\:0\:false\:false\:false\:true\:false
NVIC.SVC_IRQn=true\:0\:0\:false\:false\:false\:false\:false
NVIC.SysTick_IRQn=true\:3\:0\:false\:false\:true\:true\:false
NVIC.TIM2_IRQn=true\:0\:0\:false\:false\:true\:false\:false
NVIC.TimeBase=TIM2_IRQn
NVIC.TimeBaseIP=TIM2
PA0.Mode=INM
PA0.Signal=COMP1_INM
PA1.Mode=INP
PA1.Signal=COMP1_INP
PA13.Mode=Serial_Wire
PA13.Signal=SYS_SWDIO
PA14.Mode=Serial_Wire
PA14.Signal=SYS_SWCLK
PA15.GPIOParameters=GPIO_Label
PA15.GPIO_Label=Signal Led
PA15.Locked=true
PA15.Signal=GPIO_Output
PA2.Locked=true
PA2.Signal=GPIO_Output
PA4.GPIOParameters=GPIO_ModeDefaultEXTI
PA4.GPIO_ModeDefaultEXTI=GPIO_MODE_IT_RISING_FALLING
PA4.Locked=true
PA4.Signal=GPXTI4
PA7.Mode=PWM Generation1 CH1 CH1N
PA7.Signal=TIM1_CH1N
PA8.Signal=S_TIM1_CH1
PCC.Checker=false
PCC.Line=STM32F0x1
PCC.MCU=STM32F051K8Tx
PCC.PartNumber=STM32F051K8Tx
PCC.Seq0=0
PCC.Series=STM32F0
PCC.Temperature=25
PCC.Vdd=3.3
PinOutPanel.RotationAngle=0
ProjectManager.AskForMigrate=true
ProjectManager.BackupPrevious=true
ProjectManager.CompilerOptimize=3
ProjectManager.ComputerToolchain=false
ProjectManager.CoupleFile=true
ProjectManager.CustomerFirmwarePackage=C\:/Users/duden/STM32Cube/Repository/STM32Cube_FW_F0_V1.9.0
ProjectManager.DefaultFWLocation=true
ProjectManager.DeletePrevious=true
ProjectManager.DeviceId=STM32F051K8Tx
ProjectManager.FirmwarePackage=STM32Cube FW_F0 V1.9.0
ProjectManager.FreePins=true
ProjectManager.HalAssertFull=true
ProjectManager.HeapSize=0x200
ProjectManager.KeepUserCode=true
ProjectManager.LastFirmware=true
ProjectManager.LibraryCopy=1
ProjectManager.MainLocation=Src
ProjectManager.PreviousToolchain=
ProjectManager.ProjectBuild=false
ProjectManager.ProjectFileName=PWM_Set_Dental.ioc
ProjectManager.ProjectName=PWM_Set_Dental
ProjectManager.StackSize=0x400
ProjectManager.TargetToolchain=MDK-ARM V5
ProjectManager.ToolChainLocation=
ProjectManager.UnderRoot=false
ProjectManager.functionlistsort=1-MX_GPIO_Init-GPIO-false-HAL-true,2-SystemClock_Config-RCC-false-HAL-false,3-MX_TIM1_Init-TIM1-false-HAL-true,4-MX_COMP1_Init-COMP1-false-HAL-true
RCC.AHBFreq_Value=8000000
RCC.APB1Freq_Value=8000000
RCC.APB1TimFreq_Value=8000000
RCC.CECFreq_Value=32786.88524590164
RCC.FCLKCortexFreq_Value=8000000
RCC.FamilyName=M
RCC.HCLKFreq_Value=8000000
RCC.HSICECFreq_Value=32786.88524590164
RCC.I2SFreq_Value=8000000
RCC.IPParameters=AHBFreq_Value,APB1Freq_Value,APB1TimFreq_Value,CECFreq_Value,FCLKCortexFreq_Value,FamilyName,HCLKFreq_Value,HSICECFreq_Value,I2SFreq_Value,MCOFreq_Value,PLLCLKFreq_Value,PLLMCOFreq_Value,PLLMUL,SYSCLKFreq_VALUE,TimSysFreq_Value,USART1Freq_Value
RCC.MCOFreq_Value=8000000
RCC.PLLCLKFreq_Value=48000000
RCC.PLLMCOFreq_Value=24000000
RCC.PLLMUL=RCC_PLL_MUL12
RCC.SYSCLKFreq_VALUE=8000000
RCC.TimSysFreq_Value=8000000
RCC.USART1Freq_Value=8000000
SH.GPXTI4.0=GPIO_EXTI4
SH.GPXTI4.ConfNb=1
SH.S_TIM1_CH1.0=TIM1_CH1,PWM Generation1 CH1 CH1N
SH.S_TIM1_CH1.ConfNb=1
TIM1.Channel-PWM\ Generation1\ CH1\ CH1N=TIM_CHANNEL_1
TIM1.DeadTime=10
TIM1.IPParameters=TIM_MasterSlaveMode,Period,Channel-PWM Generation1 CH1 CH1N,DeadTime,Pulse-PWM Generation1 CH1 CH1N
TIM1.Period=160
TIM1.Pulse-PWM\ Generation1\ CH1\ CH1N=79
TIM1.TIM_MasterSlaveMode=TIM_MASTERSLAVEMODE_DISABLE
VP_FREERTOS_VS_ENABLE.Mode=Enabled
VP_FREERTOS_VS_ENABLE.Signal=FREERTOS_VS_ENABLE
VP_SYS_VS_tim2.Mode=TIM2
VP_SYS_VS_tim2.Signal=SYS_VS_tim2
board=PWM_Set_Dental
